
Microsoft Visual Studio Solution File, Format Version 12.00
# Visual Studio Version 17
VisualStudioVersion = 17.5.2.0
MinimumVisualStudioVersion = 10.0.40219.1
Project("{2150E333-8FDC-42A3-9474-1A3956D46DE8}") = "backend", "backend", "{1AE8ACA6-933B-BF2A-3671-3E2EAC007D16}"
EndProject
Project("{2150E333-8FDC-42A3-9474-1A3956D46DE8}") = "src", "src", "{0F9113EE-888A-26D2-68B0-4A7D0A2A8745}"
EndProject
Project("{FAE04EC0-301F-11D3-BF4B-00C04F79EFBC}") = "Application", "backend\src\Application\Application.csproj", "{6F154B09-F3F8-EBAE-C35F-D63DA2E39EBB}"
EndProject
Project("{FAE04EC0-301F-11D3-BF4B-00C04F79EFBC}") = "DependencyInjection", "backend\src\DependencyInjection\DependencyInjection.csproj", "{52258C71-19FC-62DD-7206-FA1A5564D239}"
EndProject
Project("{FAE04EC0-301F-11D3-BF4B-00C04F79EFBC}") = "Domain", "backend\src\Domain\Domain.csproj", "{A069A460-54FA-2529-D394-38E6E299ED67}"
EndProject
Project("{FAE04EC0-301F-11D3-BF4B-00C04F79EFBC}") = "Infrastructure", "backend\src\Infrastructure\Infrastructure.csproj", "{50B18242-0EB8-9430-8B38-A21105A02243}"
EndProject
Project("{FAE04EC0-301F-11D3-BF4B-00C04F79EFBC}") = "Presentation", "backend\src\Presentation\Presentation.csproj", "{869F9B4E-E78F-400B-2431-E3D6CB8C037C}"
EndProject
Project("{2150E333-8FDC-42A3-9474-1A3956D46DE8}") = "Presentation (1)", "Presentation (1)", "{FA3746DB-F961-62B2-7B31-3A2F25B6997A}"
EndProject
Project("{FAE04EC0-301F-11D3-BF4B-00C04F79EFBC}") = "TestApi", "backend\src\Presentation\TestApi\TestApi.csproj", "{E0A8D6A3-5B89-B9A4-14C0-10B2AF733815}"
EndProject
Project("{2150E333-8FDC-42A3-9474-1A3956D46DE8}") = "tests", "tests", "{F57642F3-C37C-D174-720E-6A6AAD5BEE22}"
EndProject
Project("{FAE04EC0-301F-11D3-BF4B-00C04F79EFBC}") = "Application.Tests", "backend\tests\Application.Tests\Application.Tests.csproj", "{EEEA3895-703F-478E-808A-880D4E423D7D}"
EndProject
Global
	GlobalSection(SolutionConfigurationPlatforms) = preSolution
		Debug|Any CPU = Debug|Any CPU
		Debug|x64 = Debug|x64
		Debug|x86 = Debug|x86
		Release|Any CPU = Release|Any CPU
		Release|x64 = Release|x64
		Release|x86 = Release|x86
	EndGlobalSection
	GlobalSection(ProjectConfigurationPlatforms) = postSolution
		{6F154B09-F3F8-EBAE-C35F-D63DA2E39EBB}.Debug|Any CPU.ActiveCfg = Debug|Any CPU
		{6F154B09-F3F8-EBAE-C35F-D63DA2E39EBB}.Debug|Any CPU.Build.0 = Debug|Any CPU
		{6F154B09-F3F8-EBAE-C35F-D63DA2E39EBB}.Debug|x64.ActiveCfg = Debug|Any CPU
		{6F154B09-F3F8-EBAE-C35F-D63DA2E39EBB}.Debug|x64.Build.0 = Debug|Any CPU
		{6F154B09-F3F8-EBAE-C35F-D63DA2E39EBB}.Debug|x86.ActiveCfg = Debug|Any CPU
		{6F154B09-F3F8-EBAE-C35F-D63DA2E39EBB}.Debug|x86.Build.0 = Debug|Any CPU
		{6F154B09-F3F8-EBAE-C35F-D63DA2E39EBB}.Release|Any CPU.ActiveCfg = Release|Any CPU
		{6F154B09-F3F8-EBAE-C35F-D63DA2E39EBB}.Release|Any CPU.Build.0 = Release|Any CPU
		{6F154B09-F3F8-EBAE-C35F-D63DA2E39EBB}.Release|x64.ActiveCfg = Release|Any CPU
		{6F154B09-F3F8-EBAE-C35F-D63DA2E39EBB}.Release|x64.Build.0 = Release|Any CPU
		{6F154B09-F3F8-EBAE-C35F-D63DA2E39EBB}.Release|x86.ActiveCfg = Release|Any CPU
		{6F154B09-F3F8-EBAE-C35F-D63DA2E39EBB}.Release|x86.Build.0 = Release|Any CPU
		{52258C71-19FC-62DD-7206-FA1A5564D239}.Debug|Any CPU.ActiveCfg = Debug|Any CPU
		{52258C71-19FC-62DD-7206-FA1A5564D239}.Debug|Any CPU.Build.0 = Debug|Any CPU
		{52258C71-19FC-62DD-7206-FA1A5564D239}.Debug|x64.ActiveCfg = Debug|Any CPU
		{52258C71-19FC-62DD-7206-FA1A5564D239}.Debug|x64.Build.0 = Debug|Any CPU
		{52258C71-19FC-62DD-7206-FA1A5564D239}.Debug|x86.ActiveCfg = Debug|Any CPU
		{52258C71-19FC-62DD-7206-FA1A5564D239}.Debug|x86.Build.0 = Debug|Any CPU
		{52258C71-19FC-62DD-7206-FA1A5564D239}.Release|Any CPU.ActiveCfg = Release|Any CPU
		{52258C71-19FC-62DD-7206-FA1A5564D239}.Release|Any CPU.Build.0 = Release|Any CPU
		{52258C71-19FC-62DD-7206-FA1A5564D239}.Release|x64.ActiveCfg = Release|Any CPU
		{52258C71-19FC-62DD-7206-FA1A5564D239}.Release|x64.Build.0 = Release|Any CPU
		{52258C71-19FC-62DD-7206-FA1A5564D239}.Release|x86.ActiveCfg = Release|Any CPU
		{52258C71-19FC-62DD-7206-FA1A5564D239}.Release|x86.Build.0 = Release|Any CPU
		{A069A460-54FA-2529-D394-38E6E299ED67}.Debug|Any CPU.ActiveCfg = Debug|Any CPU
		{A069A460-54FA-2529-D394-38E6E299ED67}.Debug|Any CPU.Build.0 = Debug|Any CPU
		{A069A460-54FA-2529-D394-38E6E299ED67}.Debug|x64.ActiveCfg = Debug|Any CPU
		{A069A460-54FA-2529-D394-38E6E299ED67}.Debug|x64.Build.0 = Debug|Any CPU
		{A069A460-54FA-2529-D394-38E6E299ED67}.Debug|x86.ActiveCfg = Debug|Any CPU
		{A069A460-54FA-2529-D394-38E6E299ED67}.Debug|x86.Build.0 = Debug|Any CPU
		{A069A460-54FA-2529-D394-38E6E299ED67}.Release|Any CPU.ActiveCfg = Release|Any CPU
		{A069A460-54FA-2529-D394-38E6E299ED67}.Release|Any CPU.Build.0 = Release|Any CPU
		{A069A460-54FA-2529-D394-38E6E299ED67}.Release|x64.ActiveCfg = Release|Any CPU
		{A069A460-54FA-2529-D394-38E6E299ED67}.Release|x64.Build.0 = Release|Any CPU
		{A069A460-54FA-2529-D394-38E6E299ED67}.Release|x86.ActiveCfg = Release|Any CPU
		{A069A460-54FA-2529-D394-38E6E299ED67}.Release|x86.Build.0 = Release|Any CPU
		{50B18242-0EB8-9430-8B38-A21105A02243}.Debug|Any CPU.ActiveCfg = Debug|Any CPU
		{50B18242-0EB8-9430-8B38-A21105A02243}.Debug|Any CPU.Build.0 = Debug|Any CPU
		{50B18242-0EB8-9430-8B38-A21105A02243}.Debug|x64.ActiveCfg = Debug|Any CPU
		{50B18242-0EB8-9430-8B38-A21105A02243}.Debug|x64.Build.0 = Debug|Any CPU
		{50B18242-0EB8-9430-8B38-A21105A02243}.Debug|x86.ActiveCfg = Debug|Any CPU
		{50B18242-0EB8-9430-8B38-A21105A02243}.Debug|x86.Build.0 = Debug|Any CPU
		{50B18242-0EB8-9430-8B38-A21105A02243}.Release|Any CPU.ActiveCfg = Release|Any CPU
		{50B18242-0EB8-9430-8B38-A21105A02243}.Release|Any CPU.Build.0 = Release|Any CPU
		{50B18242-0EB8-9430-8B38-A21105A02243}.Release|x64.ActiveCfg = Release|Any CPU
		{50B18242-0EB8-9430-8B38-A21105A02243}.Release|x64.Build.0 = Release|Any CPU
		{50B18242-0EB8-9430-8B38-A21105A02243}.Release|x86.ActiveCfg = Release|Any CPU
		{50B18242-0EB8-9430-8B38-A21105A02243}.Release|x86.Build.0 = Release|Any CPU
		{869F9B4E-E78F-400B-2431-E3D6CB8C037C}.Debug|Any CPU.ActiveCfg = Debug|Any CPU
		{869F9B4E-E78F-400B-2431-E3D6CB8C037C}.Debug|Any CPU.Build.0 = Debug|Any CPU
		{869F9B4E-E78F-400B-2431-E3D6CB8C037C}.Debug|x64.ActiveCfg = Debug|Any CPU
		{869F9B4E-E78F-400B-2431-E3D6CB8C037C}.Debug|x64.Build.0 = Debug|Any CPU
		{869F9B4E-E78F-400B-2431-E3D6CB8C037C}.Debug|x86.ActiveCfg = Debug|Any CPU
		{869F9B4E-E78F-400B-2431-E3D6CB8C037C}.Debug|x86.Build.0 = Debug|Any CPU
		{869F9B4E-E78F-400B-2431-E3D6CB8C037C}.Release|Any CPU.ActiveCfg = Release|Any CPU
		{869F9B4E-E78F-400B-2431-E3D6CB8C037C}.Release|Any CPU.Build.0 = Release|Any CPU
		{869F9B4E-E78F-400B-2431-E3D6CB8C037C}.Release|x64.ActiveCfg = Release|Any CPU
		{869F9B4E-E78F-400B-2431-E3D6CB8C037C}.Release|x64.Build.0 = Release|Any CPU
		{869F9B4E-E78F-400B-2431-E3D6CB8C037C}.Release|x86.ActiveCfg = Release|Any CPU
		{869F9B4E-E78F-400B-2431-E3D6CB8C037C}.Release|x86.Build.0 = Release|Any CPU
		{E0A8D6A3-5B89-B9A4-14C0-10B2AF733815}.Debug|Any CPU.ActiveCfg = Debug|Any CPU
		{E0A8D6A3-5B89-B9A4-14C0-10B2AF733815}.Debug|x64.ActiveCfg = Debug|Any CPU
		{E0A8D6A3-5B89-B9A4-14C0-10B2AF733815}.Debug|x64.Build.0 = Debug|Any CPU
		{E0A8D6A3-5B89-B9A4-14C0-10B2AF733815}.Debug|x86.ActiveCfg = Debug|Any CPU
		{E0A8D6A3-5B89-B9A4-14C0-10B2AF733815}.Debug|x86.Build.0 = Debug|Any CPU
		{E0A8D6A3-5B89-B9A4-14C0-10B2AF733815}.Release|Any CPU.ActiveCfg = Release|Any CPU
		{E0A8D6A3-5B89-B9A4-14C0-10B2AF733815}.Release|Any CPU.Build.0 = Release|Any CPU
		{E0A8D6A3-5B89-B9A4-14C0-10B2AF733815}.Release|x64.ActiveCfg = Release|Any CPU
		{E0A8D6A3-5B89-B9A4-14C0-10B2AF733815}.Release|x64.Build.0 = Release|Any CPU
		{E0A8D6A3-5B89-B9A4-14C0-10B2AF733815}.Release|x86.ActiveCfg = Release|Any CPU
		{E0A8D6A3-5B89-B9A4-14C0-10B2AF733815}.Release|x86.Build.0 = Release|Any CPU
		{EEEA3895-703F-478E-808A-880D4E423D7D}.Debug|Any CPU.ActiveCfg = Debug|Any CPU
		{EEEA3895-703F-478E-808A-880D4E423D7D}.Debug|Any CPU.Build.0 = Debug|Any CPU
		{EEEA3895-703F-478E-808A-880D4E423D7D}.Debug|x64.ActiveCfg = Debug|Any CPU
		{EEEA3895-703F-478E-808A-880D4E423D7D}.Debug|x64.Build.0 = Debug|Any CPU
		{EEEA3895-703F-478E-808A-880D4E423D7D}.Debug|x86.ActiveCfg = Debug|Any CPU
		{EEEA3895-703F-478E-808A-880D4E423D7D}.Debug|x86.Build.0 = Debug|Any CPU
		{EEEA3895-703F-478E-808A-880D4E423D7D}.Release|Any CPU.ActiveCfg = Release|Any CPU
		{EEEA3895-703F-478E-808A-880D4E423D7D}.Release|Any CPU.Build.0 = Release|Any CPU
		{EEEA3895-703F-478E-808A-880D4E423D7D}.Release|x64.ActiveCfg = Release|Any CPU
		{EEEA3895-703F-478E-808A-880D4E423D7D}.Release|x64.Build.0 = Release|Any CPU
		{EEEA3895-703F-478E-808A-880D4E423D7D}.Release|x86.ActiveCfg = Release|Any CPU
		{EEEA3895-703F-478E-808A-880D4E423D7D}.Release|x86.Build.0 = Release|Any CPU
	EndGlobalSection
	GlobalSection(SolutionProperties) = preSolution
		HideSolutionNode = FALSE
	EndGlobalSection
	GlobalSection(NestedProjects) = preSolution
		{0F9113EE-888A-26D2-68B0-4A7D0A2A8745} = {1AE8ACA6-933B-BF2A-3671-3E2EAC007D16}
		{6F154B09-F3F8-EBAE-C35F-D63DA2E39EBB} = {0F9113EE-888A-26D2-68B0-4A7D0A2A8745}
		{52258C71-19FC-62DD-7206-FA1A5564D239} = {0F9113EE-888A-26D2-68B0-4A7D0A2A8745}
		{A069A460-54FA-2529-D394-38E6E299ED67} = {0F9113EE-888A-26D2-68B0-4A7D0A2A8745}
		{50B18242-0EB8-9430-8B38-A21105A02243} = {0F9113EE-888A-26D2-68B0-4A7D0A2A8745}
		{869F9B4E-E78F-400B-2431-E3D6CB8C037C} = {0F9113EE-888A-26D2-68B0-4A7D0A2A8745}
		{FA3746DB-F961-62B2-7B31-3A2F25B6997A} = {0F9113EE-888A-26D2-68B0-4A7D0A2A8745}
		{E0A8D6A3-5B89-B9A4-14C0-10B2AF733815} = {FA3746DB-F961-62B2-7B31-3A2F25B6997A}
		{F57642F3-C37C-D174-720E-6A6AAD5BEE22} = {1AE8ACA6-933B-BF2A-3671-3E2EAC007D16}
		{EEEA3895-703F-478E-808A-880D4E423D7D} = {F57642F3-C37C-D174-720E-6A6AAD5BEE22}
	EndGlobalSection
	GlobalSection(ExtensibilityGlobals) = postSolution
		SolutionGuid = {E03F2EDD-F59D-488E-BF17-5E878374506C}
	EndGlobalSection
EndGlobal
